
Microsoft Visual Studio Solution File, Format Version 12.00
# Visual Studio for Mac
Project("{FAE04EC0-301F-11D3-BF4B-00C04F79EFBC}") = "textBasedGame", "Assembly-CSharp.csproj", "{E43BBE25-05FD-AF75-E27A-7A4A1B58773C}"
EndProject
Global
	GlobalSection(SolutionConfigurationPlatforms) = preSolution
		Debug|Any CPU = Debug|Any CPU
		Release|Any CPU = Release|Any CPU
	EndGlobalSection
	GlobalSection(ProjectConfigurationPlatforms) = postSolution
		{E43BBE25-05FD-AF75-E27A-7A4A1B58773C}.Debug|Any CPU.ActiveCfg = Debug|Any CPU
		{E43BBE25-05FD-AF75-E27A-7A4A1B58773C}.Debug|Any CPU.Build.0 = Debug|Any CPU
		{E43BBE25-05FD-AF75-E27A-7A4A1B58773C}.Release|Any CPU.ActiveCfg = Release|Any CPU
		{E43BBE25-05FD-AF75-E27A-7A4A1B58773C}.Release|Any CPU.Build.0 = Release|Any CPU
	EndGlobalSection
	GlobalSection(SolutionProperties) = preSolution
		HideSolutionNode = FALSE
	EndGlobalSection
EndGlobal
